
Microsoft Visual Studio Solution File, Format Version 9.00
# Visual Studio 2005
Project("{FAE04EC0-301F-11D3-BF4B-00C04F79EFBC}") = "AddManagedProjectToSolution", "AddManagedProjectToSolution\AddManagedProjectToSolution.csproj", "{32AFB8ED-72AE-4BC0-BB07-A9E63572E6AE}"
EndProject
Project("{FAE04EC0-301F-11D3-BF4B-00C04F79EFBC}") = "ConfigureProject", "ConfigureProject\ConfigureProject.csproj", "{BED9A047-BDE1-42E0-AECF-7942B5860172}"
EndProject
Project("{FAE04EC0-301F-11D3-BF4B-00C04F79EFBC}") = "RemoveFileConfiguration", "RemoveFileConfiguration\RemoveFileConfiguration.csproj", "{BF6F1E1F-03C8-4B70-92D7-B588BBF02EB3}"
EndProject
Global
	GlobalSection(SolutionConfigurationPlatforms) = preSolution
		Debug|Any CPU = Debug|Any CPU
		Release|Any CPU = Release|Any CPU
	EndGlobalSection
	GlobalSection(ProjectConfigurationPlatforms) = postSolution
		{32AFB8ED-72AE-4BC0-BB07-A9E63572E6AE}.Debug|Any CPU.ActiveCfg = Debug|Any CPU
		{32AFB8ED-72AE-4BC0-BB07-A9E63572E6AE}.Debug|Any CPU.Build.0 = Debug|Any CPU
		{32AFB8ED-72AE-4BC0-BB07-A9E63572E6AE}.Release|Any CPU.ActiveCfg = Release|Any CPU
		{32AFB8ED-72AE-4BC0-BB07-A9E63572E6AE}.Release|Any CPU.Build.0 = Release|Any CPU
		{BED9A047-BDE1-42E0-AECF-7942B5860172}.Debug|Any CPU.ActiveCfg = Debug|Any CPU
		{BED9A047-BDE1-42E0-AECF-7942B5860172}.Debug|Any CPU.Build.0 = Debug|Any CPU
		{BED9A047-BDE1-42E0-AECF-7942B5860172}.Release|Any CPU.ActiveCfg = Release|Any CPU
		{BED9A047-BDE1-42E0-AECF-7942B5860172}.Release|Any CPU.Build.0 = Release|Any CPU
		{BF6F1E1F-03C8-4B70-92D7-B588BBF02EB3}.Debug|Any CPU.ActiveCfg = Debug|Any CPU
		{BF6F1E1F-03C8-4B70-92D7-B588BBF02EB3}.Debug|Any CPU.Build.0 = Debug|Any CPU
		{BF6F1E1F-03C8-4B70-92D7-B588BBF02EB3}.Release|Any CPU.ActiveCfg = Release|Any CPU
		{BF6F1E1F-03C8-4B70-92D7-B588BBF02EB3}.Release|Any CPU.Build.0 = Release|Any CPU
	EndGlobalSection
	GlobalSection(SolutionProperties) = preSolution
		HideSolutionNode = FALSE
	EndGlobalSection
EndGlobal
